
Microsoft Visual Studio Solution File, Format Version 12.00
# Visual Studio Version 17
VisualStudioVersion = 17.13.35913.81
MinimumVisualStudioVersion = 10.0.40219.1
Project("{FAE04EC0-301F-11D3-BF4B-00C04F79EFBC}") = "dbs2webapp.Client", "Dbs2WebApp.Client\dbs2webapp.Client.csproj", "{0BD9D74C-5EAD-4D59-A2D0-AD4CB3049294}"
EndProject
Project("{FAE04EC0-301F-11D3-BF4B-00C04F79EFBC}") = "dbs2webapp.Api", "dbs2webapp.Api\dbs2webapp.Api.csproj", "{8FC57F7F-4DFB-CF03-1DB8-1564B39B8536}"
EndProject
Project("{FAE04EC0-301F-11D3-BF4B-00C04F79EFBC}") = "dbs2webapp.Application", "dbs2webapp.Application\dbs2webapp.Application.csproj", "{5DCA0F4C-19F4-E4D7-BE4E-E1DF989822C3}"
EndProject
Project("{FAE04EC0-301F-11D3-BF4B-00C04F79EFBC}") = "dbs2webapp.Domain", "dbs2webapp.Domain\dbs2webapp.Domain.csproj", "{4D32D394-B1DE-C0D2-CA0B-A73E6F6970E8}"
EndProject
Project("{FAE04EC0-301F-11D3-BF4B-00C04F79EFBC}") = "dbs2webapp.Infrastructure", "dbs2webapp.Infrastructure\dbs2webapp.Infrastructure.csproj", "{E91070A0-EFA9-B874-0577-82A8599EF98F}"
EndProject
Project("{FAE04EC0-301F-11D3-BF4B-00C04F79EFBC}") = "dbs2webapp.Tests", "dbs2webapp.Tests\dbs2webapp.Tests.csproj", "{16307920-038C-2DB9-977A-C8F09B83EE5B}"
EndProject
Project("{E53339B2-1760-4266-BCC7-CA923CBCF16C}") = "docker-compose", "docker-compose\docker-compose.dcproj", "{8D33F181-7DDE-04EB-E05A-075C5C0D4E39}"
EndProject
Global
	GlobalSection(SolutionConfigurationPlatforms) = preSolution
		Debug|Any CPU = Debug|Any CPU
		Debug|x64 = Debug|x64
		Debug|x86 = Debug|x86
		Release|Any CPU = Release|Any CPU
		Release|x64 = Release|x64
		Release|x86 = Release|x86
	EndGlobalSection
	GlobalSection(ProjectConfigurationPlatforms) = postSolution
		{0BD9D74C-5EAD-4D59-A2D0-AD4CB3049294}.Debug|Any CPU.ActiveCfg = Debug|Any CPU
		{0BD9D74C-5EAD-4D59-A2D0-AD4CB3049294}.Debug|Any CPU.Build.0 = Debug|Any CPU
		{0BD9D74C-5EAD-4D59-A2D0-AD4CB3049294}.Debug|x64.ActiveCfg = Debug|Any CPU
		{0BD9D74C-5EAD-4D59-A2D0-AD4CB3049294}.Debug|x64.Build.0 = Debug|Any CPU
		{0BD9D74C-5EAD-4D59-A2D0-AD4CB3049294}.Debug|x86.ActiveCfg = Debug|Any CPU
		{0BD9D74C-5EAD-4D59-A2D0-AD4CB3049294}.Debug|x86.Build.0 = Debug|Any CPU
		{0BD9D74C-5EAD-4D59-A2D0-AD4CB3049294}.Release|Any CPU.ActiveCfg = Release|Any CPU
		{0BD9D74C-5EAD-4D59-A2D0-AD4CB3049294}.Release|Any CPU.Build.0 = Release|Any CPU
		{0BD9D74C-5EAD-4D59-A2D0-AD4CB3049294}.Release|x64.ActiveCfg = Release|Any CPU
		{0BD9D74C-5EAD-4D59-A2D0-AD4CB3049294}.Release|x64.Build.0 = Release|Any CPU
		{0BD9D74C-5EAD-4D59-A2D0-AD4CB3049294}.Release|x86.ActiveCfg = Release|Any CPU
		{0BD9D74C-5EAD-4D59-A2D0-AD4CB3049294}.Release|x86.Build.0 = Release|Any CPU
		{8FC57F7F-4DFB-CF03-1DB8-1564B39B8536}.Debug|Any CPU.ActiveCfg = Debug|Any CPU
		{8FC57F7F-4DFB-CF03-1DB8-1564B39B8536}.Debug|Any CPU.Build.0 = Debug|Any CPU
		{8FC57F7F-4DFB-CF03-1DB8-1564B39B8536}.Debug|x64.ActiveCfg = Debug|Any CPU
		{8FC57F7F-4DFB-CF03-1DB8-1564B39B8536}.Debug|x64.Build.0 = Debug|Any CPU
		{8FC57F7F-4DFB-CF03-1DB8-1564B39B8536}.Debug|x86.ActiveCfg = Debug|Any CPU
		{8FC57F7F-4DFB-CF03-1DB8-1564B39B8536}.Debug|x86.Build.0 = Debug|Any CPU
		{8FC57F7F-4DFB-CF03-1DB8-1564B39B8536}.Release|Any CPU.ActiveCfg = Release|Any CPU
		{8FC57F7F-4DFB-CF03-1DB8-1564B39B8536}.Release|Any CPU.Build.0 = Release|Any CPU
		{8FC57F7F-4DFB-CF03-1DB8-1564B39B8536}.Release|x64.ActiveCfg = Release|Any CPU
		{8FC57F7F-4DFB-CF03-1DB8-1564B39B8536}.Release|x64.Build.0 = Release|Any CPU
		{8FC57F7F-4DFB-CF03-1DB8-1564B39B8536}.Release|x86.ActiveCfg = Release|Any CPU
		{8FC57F7F-4DFB-CF03-1DB8-1564B39B8536}.Release|x86.Build.0 = Release|Any CPU
		{5DCA0F4C-19F4-E4D7-BE4E-E1DF989822C3}.Debug|Any CPU.ActiveCfg = Debug|Any CPU
		{5DCA0F4C-19F4-E4D7-BE4E-E1DF989822C3}.Debug|Any CPU.Build.0 = Debug|Any CPU
		{5DCA0F4C-19F4-E4D7-BE4E-E1DF989822C3}.Debug|x64.ActiveCfg = Debug|Any CPU
		{5DCA0F4C-19F4-E4D7-BE4E-E1DF989822C3}.Debug|x64.Build.0 = Debug|Any CPU
		{5DCA0F4C-19F4-E4D7-BE4E-E1DF989822C3}.Debug|x86.ActiveCfg = Debug|Any CPU
		{5DCA0F4C-19F4-E4D7-BE4E-E1DF989822C3}.Debug|x86.Build.0 = Debug|Any CPU
		{5DCA0F4C-19F4-E4D7-BE4E-E1DF989822C3}.Release|Any CPU.ActiveCfg = Release|Any CPU
		{5DCA0F4C-19F4-E4D7-BE4E-E1DF989822C3}.Release|Any CPU.Build.0 = Release|Any CPU
		{5DCA0F4C-19F4-E4D7-BE4E-E1DF989822C3}.Release|x64.ActiveCfg = Release|Any CPU
		{5DCA0F4C-19F4-E4D7-BE4E-E1DF989822C3}.Release|x64.Build.0 = Release|Any CPU
		{5DCA0F4C-19F4-E4D7-BE4E-E1DF989822C3}.Release|x86.ActiveCfg = Release|Any CPU
		{5DCA0F4C-19F4-E4D7-BE4E-E1DF989822C3}.Release|x86.Build.0 = Release|Any CPU
		{4D32D394-B1DE-C0D2-CA0B-A73E6F6970E8}.Debug|Any CPU.ActiveCfg = Debug|Any CPU
		{4D32D394-B1DE-C0D2-CA0B-A73E6F6970E8}.Debug|Any CPU.Build.0 = Debug|Any CPU
		{4D32D394-B1DE-C0D2-CA0B-A73E6F6970E8}.Debug|x64.ActiveCfg = Debug|Any CPU
		{4D32D394-B1DE-C0D2-CA0B-A73E6F6970E8}.Debug|x64.Build.0 = Debug|Any CPU
		{4D32D394-B1DE-C0D2-CA0B-A73E6F6970E8}.Debug|x86.ActiveCfg = Debug|Any CPU
		{4D32D394-B1DE-C0D2-CA0B-A73E6F6970E8}.Debug|x86.Build.0 = Debug|Any CPU
		{4D32D394-B1DE-C0D2-CA0B-A73E6F6970E8}.Release|Any CPU.ActiveCfg = Release|Any CPU
		{4D32D394-B1DE-C0D2-CA0B-A73E6F6970E8}.Release|Any CPU.Build.0 = Release|Any CPU
		{4D32D394-B1DE-C0D2-CA0B-A73E6F6970E8}.Release|x64.ActiveCfg = Release|Any CPU
		{4D32D394-B1DE-C0D2-CA0B-A73E6F6970E8}.Release|x64.Build.0 = Release|Any CPU
		{4D32D394-B1DE-C0D2-CA0B-A73E6F6970E8}.Release|x86.ActiveCfg = Release|Any CPU
		{4D32D394-B1DE-C0D2-CA0B-A73E6F6970E8}.Release|x86.Build.0 = Release|Any CPU
		{E91070A0-EFA9-B874-0577-82A8599EF98F}.Debug|Any CPU.ActiveCfg = Debug|Any CPU
		{E91070A0-EFA9-B874-0577-82A8599EF98F}.Debug|Any CPU.Build.0 = Debug|Any CPU
		{E91070A0-EFA9-B874-0577-82A8599EF98F}.Debug|x64.ActiveCfg = Debug|Any CPU
		{E91070A0-EFA9-B874-0577-82A8599EF98F}.Debug|x64.Build.0 = Debug|Any CPU
		{E91070A0-EFA9-B874-0577-82A8599EF98F}.Debug|x86.ActiveCfg = Debug|Any CPU
		{E91070A0-EFA9-B874-0577-82A8599EF98F}.Debug|x86.Build.0 = Debug|Any CPU
		{E91070A0-EFA9-B874-0577-82A8599EF98F}.Release|Any CPU.ActiveCfg = Release|Any CPU
		{E91070A0-EFA9-B874-0577-82A8599EF98F}.Release|Any CPU.Build.0 = Release|Any CPU
		{E91070A0-EFA9-B874-0577-82A8599EF98F}.Release|x64.ActiveCfg = Release|Any CPU
		{E91070A0-EFA9-B874-0577-82A8599EF98F}.Release|x64.Build.0 = Release|Any CPU
		{E91070A0-EFA9-B874-0577-82A8599EF98F}.Release|x86.ActiveCfg = Release|Any CPU
		{E91070A0-EFA9-B874-0577-82A8599EF98F}.Release|x86.Build.0 = Release|Any CPU
		{16307920-038C-2DB9-977A-C8F09B83EE5B}.Debug|Any CPU.ActiveCfg = Debug|Any CPU
		{16307920-038C-2DB9-977A-C8F09B83EE5B}.Debug|Any CPU.Build.0 = Debug|Any CPU
		{16307920-038C-2DB9-977A-C8F09B83EE5B}.Debug|x64.ActiveCfg = Debug|Any CPU
		{16307920-038C-2DB9-977A-C8F09B83EE5B}.Debug|x64.Build.0 = Debug|Any CPU
		{16307920-038C-2DB9-977A-C8F09B83EE5B}.Debug|x86.ActiveCfg = Debug|Any CPU
		{16307920-038C-2DB9-977A-C8F09B83EE5B}.Debug|x86.Build.0 = Debug|Any CPU
		{16307920-038C-2DB9-977A-C8F09B83EE5B}.Release|Any CPU.ActiveCfg = Release|Any CPU
		{16307920-038C-2DB9-977A-C8F09B83EE5B}.Release|Any CPU.Build.0 = Release|Any CPU
		{16307920-038C-2DB9-977A-C8F09B83EE5B}.Release|x64.ActiveCfg = Release|Any CPU
		{16307920-038C-2DB9-977A-C8F09B83EE5B}.Release|x64.Build.0 = Release|Any CPU
		{16307920-038C-2DB9-977A-C8F09B83EE5B}.Release|x86.ActiveCfg = Release|Any CPU
		{16307920-038C-2DB9-977A-C8F09B83EE5B}.Release|x86.Build.0 = Release|Any CPU
		{8D33F181-7DDE-04EB-E05A-075C5C0D4E39}.Debug|Any CPU.ActiveCfg = Debug|Any CPU
		{8D33F181-7DDE-04EB-E05A-075C5C0D4E39}.Debug|Any CPU.Build.0 = Debug|Any CPU
		{8D33F181-7DDE-04EB-E05A-075C5C0D4E39}.Debug|x64.ActiveCfg = Debug|Any CPU
		{8D33F181-7DDE-04EB-E05A-075C5C0D4E39}.Debug|x64.Build.0 = Debug|Any CPU
		{8D33F181-7DDE-04EB-E05A-075C5C0D4E39}.Debug|x86.ActiveCfg = Debug|Any CPU
		{8D33F181-7DDE-04EB-E05A-075C5C0D4E39}.Debug|x86.Build.0 = Debug|Any CPU
		{8D33F181-7DDE-04EB-E05A-075C5C0D4E39}.Release|Any CPU.ActiveCfg = Release|Any CPU
		{8D33F181-7DDE-04EB-E05A-075C5C0D4E39}.Release|Any CPU.Build.0 = Release|Any CPU
		{8D33F181-7DDE-04EB-E05A-075C5C0D4E39}.Release|x64.ActiveCfg = Release|Any CPU
		{8D33F181-7DDE-04EB-E05A-075C5C0D4E39}.Release|x64.Build.0 = Release|Any CPU
		{8D33F181-7DDE-04EB-E05A-075C5C0D4E39}.Release|x86.ActiveCfg = Release|Any CPU
		{8D33F181-7DDE-04EB-E05A-075C5C0D4E39}.Release|x86.Build.0 = Release|Any CPU
	EndGlobalSection
	GlobalSection(SolutionProperties) = preSolution
		HideSolutionNode = FALSE
	EndGlobalSection
	GlobalSection(ExtensibilityGlobals) = postSolution
		SolutionGuid = {D266D294-9ED5-4295-ACE0-4E7F20965F28}
	EndGlobalSection
EndGlobal
